
Microsoft Visual Studio Solution File, Format Version 12.00
# Visual Studio Version 16
VisualStudioVersion = 16.0.30114.105
MinimumVisualStudioVersion = 10.0.40219.1
Project("{2150E333-8FDC-42A3-9474-1A3956D46DE8}") = "src", "src", "{36FA013A-0735-4862-82F0-023E176F743A}"
EndProject
Project("{FAE04EC0-301F-11D3-BF4B-00C04F79EFBC}") = "XamlUtils", "src\XamlUtils\XamlUtils.csproj", "{9B2255C4-0C98-4068-A7F0-58DAFF539068}"
EndProject
Project("{2150E333-8FDC-42A3-9474-1A3956D46DE8}") = "tests", "tests", "{52EBC315-5C8B-47AE-B0D1-CE8E31A9B99D}"
EndProject
Project("{FAE04EC0-301F-11D3-BF4B-00C04F79EFBC}") = "XamlUtils.Tests", "tests\XamlUtils.Tests\XamlUtils.Tests.csproj", "{9E56BA1D-9E54-47CA-AD6A-93ED2C98C33F}"
EndProject
Global
	GlobalSection(SolutionConfigurationPlatforms) = preSolution
		Debug|Any CPU = Debug|Any CPU
		Release|Any CPU = Release|Any CPU
	EndGlobalSection
	GlobalSection(SolutionProperties) = preSolution
		HideSolutionNode = FALSE
	EndGlobalSection
	GlobalSection(ProjectConfigurationPlatforms) = postSolution
		{9B2255C4-0C98-4068-A7F0-58DAFF539068}.Debug|Any CPU.ActiveCfg = Debug|Any CPU
		{9B2255C4-0C98-4068-A7F0-58DAFF539068}.Debug|Any CPU.Build.0 = Debug|Any CPU
		{9B2255C4-0C98-4068-A7F0-58DAFF539068}.Release|Any CPU.ActiveCfg = Release|Any CPU
		{9B2255C4-0C98-4068-A7F0-58DAFF539068}.Release|Any CPU.Build.0 = Release|Any CPU
		{9E56BA1D-9E54-47CA-AD6A-93ED2C98C33F}.Debug|Any CPU.ActiveCfg = Debug|Any CPU
		{9E56BA1D-9E54-47CA-AD6A-93ED2C98C33F}.Debug|Any CPU.Build.0 = Debug|Any CPU
		{9E56BA1D-9E54-47CA-AD6A-93ED2C98C33F}.Release|Any CPU.ActiveCfg = Release|Any CPU
		{9E56BA1D-9E54-47CA-AD6A-93ED2C98C33F}.Release|Any CPU.Build.0 = Release|Any CPU
	EndGlobalSection
	GlobalSection(NestedProjects) = preSolution
		{9B2255C4-0C98-4068-A7F0-58DAFF539068} = {36FA013A-0735-4862-82F0-023E176F743A}
		{9E56BA1D-9E54-47CA-AD6A-93ED2C98C33F} = {52EBC315-5C8B-47AE-B0D1-CE8E31A9B99D}
	EndGlobalSection
EndGlobal
